
Microsoft Visual Studio Solution File, Format Version 12.00
# Visual Studio 15
VisualStudioVersion = 15.0.28307.757
MinimumVisualStudioVersion = 10.0.40219.1
Project("{FAE04EC0-301F-11D3-BF4B-00C04F79EFBC}") = "FindFile", "FindFile.csproj", "{5E0BB7C3-51C1-4671-9E35-5E74B778A0C3}"
EndProject
Project("{FAE04EC0-301F-11D3-BF4B-00C04F79EFBC}") = "Testing", "..\Testing\Testing.csproj", "{1E714E2B-E238-405F-895E-BCE18D3D2A9C}"
EndProject
Project("{FAE04EC0-301F-11D3-BF4B-00C04F79EFBC}") = "VisualTesting", "..\VisualTesting\VisualTesting.csproj", "{AD5339D7-4C1D-471C-B5D8-B2F520E2C18C}"
EndProject
Project("{FAE04EC0-301F-11D3-BF4B-00C04F79EFBC}") = "WinForm", "..\WinForm\WinForm.csproj", "{1943C3A2-4803-4441-B0D1-97556B21FC4B}"
EndProject
Global
	GlobalSection(SolutionConfigurationPlatforms) = preSolution
		Debug|Any CPU = Debug|Any CPU
		Release|Any CPU = Release|Any CPU
	EndGlobalSection
	GlobalSection(ProjectConfigurationPlatforms) = postSolution
		{5E0BB7C3-51C1-4671-9E35-5E74B778A0C3}.Debug|Any CPU.ActiveCfg = Debug|Any CPU
		{5E0BB7C3-51C1-4671-9E35-5E74B778A0C3}.Debug|Any CPU.Build.0 = Debug|Any CPU
		{5E0BB7C3-51C1-4671-9E35-5E74B778A0C3}.Release|Any CPU.ActiveCfg = Release|Any CPU
		{5E0BB7C3-51C1-4671-9E35-5E74B778A0C3}.Release|Any CPU.Build.0 = Release|Any CPU
		{1E714E2B-E238-405F-895E-BCE18D3D2A9C}.Debug|Any CPU.ActiveCfg = Debug|Any CPU
		{1E714E2B-E238-405F-895E-BCE18D3D2A9C}.Debug|Any CPU.Build.0 = Debug|Any CPU
		{1E714E2B-E238-405F-895E-BCE18D3D2A9C}.Release|Any CPU.ActiveCfg = Release|Any CPU
		{1E714E2B-E238-405F-895E-BCE18D3D2A9C}.Release|Any CPU.Build.0 = Release|Any CPU
		{AD5339D7-4C1D-471C-B5D8-B2F520E2C18C}.Debug|Any CPU.ActiveCfg = Debug|Any CPU
		{AD5339D7-4C1D-471C-B5D8-B2F520E2C18C}.Debug|Any CPU.Build.0 = Debug|Any CPU
		{AD5339D7-4C1D-471C-B5D8-B2F520E2C18C}.Release|Any CPU.ActiveCfg = Release|Any CPU
		{AD5339D7-4C1D-471C-B5D8-B2F520E2C18C}.Release|Any CPU.Build.0 = Release|Any CPU
		{1943C3A2-4803-4441-B0D1-97556B21FC4B}.Debug|Any CPU.ActiveCfg = Debug|Any CPU
		{1943C3A2-4803-4441-B0D1-97556B21FC4B}.Debug|Any CPU.Build.0 = Debug|Any CPU
		{1943C3A2-4803-4441-B0D1-97556B21FC4B}.Release|Any CPU.ActiveCfg = Release|Any CPU
		{1943C3A2-4803-4441-B0D1-97556B21FC4B}.Release|Any CPU.Build.0 = Release|Any CPU
	EndGlobalSection
	GlobalSection(SolutionProperties) = preSolution
		HideSolutionNode = FALSE
	EndGlobalSection
	GlobalSection(ExtensibilityGlobals) = postSolution
		SolutionGuid = {0E45990F-61BC-4251-884E-8188C37692CA}
	EndGlobalSection
EndGlobal
